{
    "_meta": {
        "hash": {
            "sha256": "05c0007a158c3d11143769f9058edf0860c0a110df913a99a6af1483e6733f6f"
        },
        "pipfile-spec": 6,
        "requires": {
            "python_version": "3.6"
        },
        "sources": [
            {
                "name": "pypi",
                "url": "https://pypi.python.org/simple",
                "verify_ssl": true
            }
        ]
    },
    "default": {
        "backcall": {
            "hashes": [
                "sha256:5cbdbf27be5e7cfadb448baf0aa95508f91f2bbc6c6437cd9cd06e2a4c215e1e",
                "sha256:fbbce6a29f263178a1f7915c1940bde0ec2b2a967566fe1c65c1dfb7422bd255"
            ],
            "version": "==0.2.0"
        },
        "decorator": {
            "hashes": [
                "sha256:41fa54c2a0cc4ba648be4fd43cff00aedf5b9465c9bf18d64325bc225f08f760",
                "sha256:e3a62f0520172440ca0dcc823749319382e377f37f140a0b99ef45fecb84bfe7"
            ],
            "version": "==4.4.2"
        },
        "ipython": {
            "hashes": [
                "sha256:6a9496209b76463f1dec126ab928919aaf1f55b38beb9219af3fe202f6bbdd12",
                "sha256:f69932b1e806b38a7818d9a1e918e5821b685715040b48e59c657b3c7961b742"
            ],
            "index": "pypi",
            "version": "==7.2.0"
        },
        "ipython-genutils": {
            "hashes": [
                "sha256:72dd37233799e619666c9f639a9da83c34013a73e8bbc79a7a6348d93c61fab8",
                "sha256:eb2e116e75ecef9d4d228fdc66af54269afa26ab4463042e33785b887c628ba8"
            ],
            "version": "==0.2.0"
        },
        "jedi": {
            "hashes": [
                "sha256:18456d83f65f400ab0c2d3319e48520420ef43b23a086fdc05dff34132f0fb93",
                "sha256:92550a404bad8afed881a137ec9a461fed49eca661414be45059329614ed0707"
            ],
            "version": "==0.18.0"
        },
        "numpy": {
            "hashes": [
                "sha256:0df89ca13c25eaa1621a3f09af4c8ba20da849692dcae184cb55e80952c453fb",
                "sha256:154c35f195fd3e1fad2569930ca51907057ae35e03938f89a8aedae91dd1b7c7",
                "sha256:18e84323cdb8de3325e741a7a8dd4a82db74fde363dce32b625324c7b32aa6d7",
                "sha256:1e8956c37fc138d65ded2d96ab3949bd49038cc6e8a4494b1515b0ba88c91565",
                "sha256:23557bdbca3ccbde3abaa12a6e82299bc92d2b9139011f8c16ca1bb8c75d1e95",
                "sha256:24fd645a5e5d224aa6e39d93e4a722fafa9160154f296fd5ef9580191c755053",
                "sha256:36e36b6868e4440760d4b9b44587ea1dc1f06532858d10abba98e851e154ca70",
                "sha256:3d734559db35aa3697dadcea492a423118c5c55d176da2f3be9c98d4803fc2a7",
                "sha256:416a2070acf3a2b5d586f9a6507bb97e33574df5bd7508ea970bbf4fc563fa52",
                "sha256:4a22dc3f5221a644dfe4a63bf990052cc674ef12a157b1056969079985c92816",
                "sha256:4d8d3e5aa6087490912c14a3c10fbdd380b40b421c13920ff468163bc50e016f",
                "sha256:4f41fd159fba1245e1958a99d349df49c616b133636e0cf668f169bce2aeac2d",
                "sha256:561ef098c50f91fbac2cc9305b68c915e9eb915a74d9038ecf8af274d748f76f",
                "sha256:56994e14b386b5c0a9b875a76d22d707b315fa037affc7819cda08b6d0489756",
                "sha256:73a1f2a529604c50c262179fcca59c87a05ff4614fe8a15c186934d84d09d9a5",
                "sha256:7da99445fd890206bfcc7419f79871ba8e73d9d9e6b82fe09980bc5bb4efc35f",
                "sha256:99d59e0bcadac4aa3280616591fb7bcd560e2218f5e31d5223a2e12a1425d495",
                "sha256:a4cc09489843c70b22e8373ca3dfa52b3fab778b57cf81462f1203b0852e95e3",
                "sha256:a61dc29cfca9831a03442a21d4b5fd77e3067beca4b5f81f1a89a04a71cf93fa",
                "sha256:b1853df739b32fa913cc59ad9137caa9cc3d97ff871e2bbd89c2a2a1d4a69451",
                "sha256:b1f44c335532c0581b77491b7715a871d0dd72e97487ac0f57337ccf3ab3469b",
                "sha256:b261e0cb0d6faa8fd6863af26d30351fd2ffdb15b82e51e81e96b9e9e2e7ba16",
                "sha256:c857ae5dba375ea26a6228f98c195fec0898a0fd91bcf0e8a0cae6d9faf3eca7",
                "sha256:cf5bb4a7d53a71bb6a0144d31df784a973b36d8687d615ef6a7e9b1809917a9b",
                "sha256:db9814ff0457b46f2e1d494c1efa4111ca089e08c8b983635ebffb9c1573361f",
                "sha256:df04f4bad8a359daa2ff74f8108ea051670cafbca533bb2636c58b16e962989e",
                "sha256:ecf81720934a0e18526177e645cbd6a8a21bb0ddc887ff9738de07a1df5c6b61",
                "sha256:edfa6fba9157e0e3be0f40168eb142511012683ac3dc82420bee4a3f3981b30e"
            ],
            "index": "pypi",
            "version": "==1.15.4"
        },
        "pandas": {
            "hashes": [
                "sha256:11975fad9edbdb55f1a560d96f91830e83e29bed6ad5ebf506abda09818eaf60",
                "sha256:12e13d127ca1b585dd6f6840d3fe3fa6e46c36a6afe2dbc5cb0b57032c902e31",
                "sha256:1c87fcb201e1e06f66e23a61a5fea9eeebfe7204a66d99df24600e3f05168051",
                "sha256:242e9900de758e137304ad4b5663c2eff0d798c2c3b891250bd0bd97144579da",
                "sha256:26c903d0ae1542890cb9abadb4adcb18f356b14c2df46e4ff657ae640e3ac9e7",
                "sha256:2e1e88f9d3e5f107b65b59cd29f141995597b035d17cc5537e58142038942e1a",
                "sha256:31b7a48b344c14691a8e92765d4023f88902ba3e96e2e4d0364d3453cdfd50db",
                "sha256:4fd07a932b4352f8a8973761ab4e84f965bf81cc750fb38e04f01088ab901cb8",
                "sha256:5b24ca47acf69222e82530e89111dd9d14f9b970ab2cd3a1c2c78f0c4fbba4f4",
                "sha256:647b3b916cc8f6aeba240c8171be3ab799c3c1b2ea179a3be0bd2712c4237553",
                "sha256:66b060946046ca27c0e03e9bec9bba3e0b918bafff84c425ca2cc2e157ce121e",
                "sha256:6efa9fa6e1434141df8872d0fa4226fc301b17aacf37429193f9d70b426ea28f",
                "sha256:be4715c9d8367e51dbe6bc6d05e205b1ae234f0dc5465931014aa1c4af44c1ba",
                "sha256:bea90da782d8e945fccfc958585210d23de374fa9294a9481ed2abcef637ebfc",
                "sha256:d318d77ab96f66a59e792a481e2701fba879e1a453aefeebdb17444fe204d1ed",
                "sha256:d785fc08d6f4207437e900ffead930a61e634c5e4f980ba6d3dc03c9581748c7",
                "sha256:de9559287c4fe8da56e8c3878d2374abc19d1ba2b807bfa7553e912a8e5ba87c",
                "sha256:f4f98b190bb918ac0bc0e3dd2ab74ff3573da9f43106f6dba6385406912ec00f",
                "sha256:f71f1a7e2d03758f6e957896ed696254e2bc83110ddbc6942018f1a232dd9dad",
                "sha256:fb944c8f0b0ab5c1f7846c686bc4cdf8cde7224655c12edcd59d5212cd57bec0"
            ],
            "index": "pypi",
            "version": "==0.23.4"
        },
        "parso": {
            "hashes": [
                "sha256:15b00182f472319383252c18d5913b69269590616c947747bc50bf4ac768f410",
                "sha256:8519430ad07087d4c997fda3a7918f7cfa27cb58972a8c89c2a0295a1c940e9e"
            ],
            "version": "==0.8.1"
        },
        "pexpect": {
            "hashes": [
                "sha256:0b48a55dcb3c05f3329815901ea4fc1537514d6ba867a152b581d69ae3710937",
                "sha256:fc65a43959d153d0114afe13997d439c22823a27cefceb5ff35c2178c6784c0c"
            ],
            "markers": "sys_platform != 'win32'",
            "version": "==4.8.0"
        },
        "pickleshare": {
            "hashes": [
                "sha256:87683d47965c1da65cdacaf31c8441d12b8044cdec9aca500cd78fc2c683afca",
                "sha256:9649af414d74d4df115d5d718f82acb59c9d418196b7b4290ed47a12ce62df56"
            ],
            "version": "==0.7.5"
        },
        "prompt-toolkit": {
            "hashes": [
                "sha256:46642344ce457641f28fc9d1c9ca939b63dadf8df128b86f1b9860e59c73a5e4",
                "sha256:e7f8af9e3d70f514373bf41aa51bc33af12a6db3f71461ea47fea985defb2c31",
                "sha256:f15af68f66e664eaa559d4ac8a928111eebd5feda0c11738b5998045224829db"
            ],
            "version": "==2.0.10"
        },
        "ptyprocess": {
            "hashes": [
                "sha256:4b41f3967fce3af57cc7e94b888626c18bf37a083e3651ca8feeb66d492fef35",
                "sha256:5c5d0a3b48ceee0b48485e0c26037c0acd7d29765ca3fbb5cb3831d347423220"
            ],
            "version": "==0.7.0"
        },
        "pygments": {
            "hashes": [
                "sha256:bc9591213a8f0e0ca1a5e68a479b4887fdc3e75d0774e5c71c31920c427de435",
                "sha256:df49d09b498e83c1a73128295860250b0b7edd4c723a32e9bc0d295c7c2ec337"
            ],
            "index": "pypi",
            "version": "==2.7.4"
        },
        "python-dateutil": {
            "hashes": [
                "sha256:73ebfe9dbf22e832286dafa60473e4cd239f8592f699aa5adaf10050e6e1823c",
                "sha256:75bb3f31ea686f1197762692a9ee6a7550b59fc6ca3a1f4b5d7e32fb98e2da2a"
            ],
            "version": "==2.8.1"
        },
        "pytz": {
            "hashes": [
                "sha256:83a4a90894bf38e243cf052c8b58f381bfe9a7a483f6a9cab140bc7f702ac4da",
                "sha256:eb10ce3e7736052ed3623d49975ce333bcd712c7bb19a58b9e2089d4057d0798"
            ],
            "version": "==2021.1"
        },
        "six": {
            "hashes": [
                "sha256:30639c035cdb23534cd4aa2dd52c3bf48f06e5f4a941509c8bafd8ce11080259",
                "sha256:8b74bedcbbbaca38ff6d7491d76f2b06b3592611af620f8426e82dddb04a5ced"
            ],
            "version": "==1.15.0"
        },
        "tqdm": {
            "hashes": [
                "sha256:3c4d4a5a41ef162dd61f1edb86b0e1c7859054ab656b2e7c7b77e7fbf6d9f392",
                "sha256:5b4d5549984503050883bc126280b386f5f4ca87e6c023c5d015655ad75bdebb"
            ],
            "index": "pypi",
            "version": "==4.28.1"
        },
        "traitlets": {
            "hashes": [
                "sha256:70b4c6a1d9019d7b4f6846832288f86998aa3b9207c6821f3578a6a6a467fe44",
                "sha256:d023ee369ddd2763310e4c3eae1ff649689440d4ae59d7485eb4cfbbe3e359f7"
            ],
            "version": "==4.3.3"
        },
        "wcwidth": {
            "hashes": [
                "sha256:beb4802a9cebb9144e99086eff703a642a13d6a0052920003a230f3294bbe784",
                "sha256:c4d647b99872929fdb7bdcaa4fbe7f01413ed3d98077df798530e5b04f116c83"
            ],
            "version": "==0.2.5"
        }
    },
    "develop": {}
}
